
Microsoft Visual Studio Solution File, Format Version 12.00
# Visual Studio Version 17
VisualStudioVersion = 17.8.34322.80
MinimumVisualStudioVersion = 10.0.40219.1
Project("{9A19103F-16F7-4668-BE54-9A1E7A4F7556}") = "DateAccess", "DateAccess\DateAccess.csproj", "{C365ADF9-29B3-4BB1-B1CD-74800E316825}"
EndProject
Project("{9A19103F-16F7-4668-BE54-9A1E7A4F7556}") = "Business", "Business\Business.csproj", "{68EA91B4-7A34-4CBC-BBAD-BF1E69C256BD}"
EndProject
Project("{9A19103F-16F7-4668-BE54-9A1E7A4F7556}") = "Entities", "Entities\Entities.csproj", "{98B225C5-EE06-4970-A87E-A3501A375CA3}"
EndProject
Project("{9A19103F-16F7-4668-BE54-9A1E7A4F7556}") = "ConsoleUI", "ConsoleUI\ConsoleUI.csproj", "{F79BF0FE-FEA7-4B84-8856-C94776F360F2}"
EndProject
Project("{9A19103F-16F7-4668-BE54-9A1E7A4F7556}") = "Core", "Core\Core.csproj", "{F73FED89-8A00-4CBB-B470-2D438480E8BC}"
EndProject
Project("{FAE04EC0-301F-11D3-BF4B-00C04F79EFBC}") = "WebAPI", "WebAPI\WebAPI.csproj", "{5FA51B4A-054E-4C0E-8C79-14CEC49D4C4B}"
EndProject
Global
	GlobalSection(SolutionConfigurationPlatforms) = preSolution
		Debug|Any CPU = Debug|Any CPU
		Release|Any CPU = Release|Any CPU
	EndGlobalSection
	GlobalSection(ProjectConfigurationPlatforms) = postSolution
		{C365ADF9-29B3-4BB1-B1CD-74800E316825}.Debug|Any CPU.ActiveCfg = Debug|Any CPU
		{C365ADF9-29B3-4BB1-B1CD-74800E316825}.Debug|Any CPU.Build.0 = Debug|Any CPU
		{C365ADF9-29B3-4BB1-B1CD-74800E316825}.Release|Any CPU.ActiveCfg = Release|Any CPU
		{C365ADF9-29B3-4BB1-B1CD-74800E316825}.Release|Any CPU.Build.0 = Release|Any CPU
		{68EA91B4-7A34-4CBC-BBAD-BF1E69C256BD}.Debug|Any CPU.ActiveCfg = Debug|Any CPU
		{68EA91B4-7A34-4CBC-BBAD-BF1E69C256BD}.Debug|Any CPU.Build.0 = Debug|Any CPU
		{68EA91B4-7A34-4CBC-BBAD-BF1E69C256BD}.Release|Any CPU.ActiveCfg = Release|Any CPU
		{68EA91B4-7A34-4CBC-BBAD-BF1E69C256BD}.Release|Any CPU.Build.0 = Release|Any CPU
		{98B225C5-EE06-4970-A87E-A3501A375CA3}.Debug|Any CPU.ActiveCfg = Debug|Any CPU
		{98B225C5-EE06-4970-A87E-A3501A375CA3}.Debug|Any CPU.Build.0 = Debug|Any CPU
		{98B225C5-EE06-4970-A87E-A3501A375CA3}.Release|Any CPU.ActiveCfg = Release|Any CPU
		{98B225C5-EE06-4970-A87E-A3501A375CA3}.Release|Any CPU.Build.0 = Release|Any CPU
		{F79BF0FE-FEA7-4B84-8856-C94776F360F2}.Debug|Any CPU.ActiveCfg = Debug|Any CPU
		{F79BF0FE-FEA7-4B84-8856-C94776F360F2}.Debug|Any CPU.Build.0 = Debug|Any CPU
		{F79BF0FE-FEA7-4B84-8856-C94776F360F2}.Release|Any CPU.ActiveCfg = Release|Any CPU
		{F79BF0FE-FEA7-4B84-8856-C94776F360F2}.Release|Any CPU.Build.0 = Release|Any CPU
		{F73FED89-8A00-4CBB-B470-2D438480E8BC}.Debug|Any CPU.ActiveCfg = Debug|Any CPU
		{F73FED89-8A00-4CBB-B470-2D438480E8BC}.Debug|Any CPU.Build.0 = Debug|Any CPU
		{F73FED89-8A00-4CBB-B470-2D438480E8BC}.Release|Any CPU.ActiveCfg = Release|Any CPU
		{F73FED89-8A00-4CBB-B470-2D438480E8BC}.Release|Any CPU.Build.0 = Release|Any CPU
		{5FA51B4A-054E-4C0E-8C79-14CEC49D4C4B}.Debug|Any CPU.ActiveCfg = Debug|Any CPU
		{5FA51B4A-054E-4C0E-8C79-14CEC49D4C4B}.Debug|Any CPU.Build.0 = Debug|Any CPU
		{5FA51B4A-054E-4C0E-8C79-14CEC49D4C4B}.Release|Any CPU.ActiveCfg = Release|Any CPU
		{5FA51B4A-054E-4C0E-8C79-14CEC49D4C4B}.Release|Any CPU.Build.0 = Release|Any CPU
	EndGlobalSection
	GlobalSection(SolutionProperties) = preSolution
		HideSolutionNode = FALSE
	EndGlobalSection
	GlobalSection(ExtensibilityGlobals) = postSolution
		SolutionGuid = {BB6526E6-9B91-437B-9513-62E8FC05E330}
	EndGlobalSection
EndGlobal
